// !$*UTF8*$!
{
	archiveVersion = 1;
	classes = {
	};
	objectVersion = 46;
	objects = {

/* Begin PBXBuildFile section */
		5B2050C817CAE751008A94D7 /* Parse.framework in Frameworks */ = {isa = PBXBuildFile; fileRef = 5B2050C717CAE751008A94D7 /* Parse.framework */; };
		5B2050CA17CAE77C008A94D7 /* AudioToolbox.framework in Frameworks */ = {isa = PBXBuildFile; fileRef = 5B2050C917CAE77C008A94D7 /* AudioToolbox.framework */; };
		5B2050CC17CAE783008A94D7 /* CFNetwork.framework in Frameworks */ = {isa = PBXBuildFile; fileRef = 5B2050CB17CAE783008A94D7 /* CFNetwork.framework */; };
		5B2050CE17CAE795008A94D7 /* libz.1.1.3.dylib in Frameworks */ = {isa = PBXBuildFile; fileRef = 5B2050CD17CAE795008A94D7 /* libz.1.1.3.dylib */; };
		5B2050D017CAE79D008A94D7 /* MobileCoreServices.framework in Frameworks */ = {isa = PBXBuildFile; fileRef = 5B2050CF17CAE79D008A94D7 /* MobileCoreServices.framework */; };
		5B2050D217CAE7A4008A94D7 /* QuartzCore.framework in Frameworks */ = {isa = PBXBuildFile; fileRef = 5B2050D117CAE7A4008A94D7 /* QuartzCore.framework */; };
		5B2050D417CAE7AB008A94D7 /* Security.framework in Frameworks */ = {isa = PBXBuildFile; fileRef = 5B2050D317CAE7AB008A94D7 /* Security.framework */; };
		5B2050D617CAE7B4008A94D7 /* StoreKit.framework in Frameworks */ = {isa = PBXBuildFile; fileRef = 5B2050D517CAE7B4008A94D7 /* StoreKit.framework */; };
		5B2050D817CAE7BD008A94D7 /* SystemConfiguration.framework in Frameworks */ = {isa = PBXBuildFile; fileRef = 5B2050D717CAE7BD008A94D7 /* SystemConfiguration.framework */; };
		5B2050DB17CAFDB1008A94D7 /* SWRevealViewControllerSegue.m in Sources */ = {isa = PBXBuildFile; fileRef = 5B2050DA17CAFDB1008A94D7 /* SWRevealViewControllerSegue.m */; };
		5B20786216A269C400E3AB0A /* SPViewController.xib in Resources */ = {isa = PBXBuildFile; fileRef = 5B20786116A269C400E3AB0A /* SPViewController.xib */; };
		5B20786616A269D100E3AB0A /* MCSearchViewController.m in Sources */ = {isa = PBXBuildFile; fileRef = 5B20786416A269D100E3AB0A /* MCSearchViewController.m */; };
		5B234E3D179CB6E1001F1329 /* MainStoryboard.storyboard in Resources */ = {isa = PBXBuildFile; fileRef = 5B234E3C179CB6E1001F1329 /* MainStoryboard.storyboard */; };
		5B3B1DC817B55A2A00C5E18B /* GHRevealViewController.m in Sources */ = {isa = PBXBuildFile; fileRef = 5B3B1DBE17B55A2A00C5E18B /* GHRevealViewController.m */; };
		5B3B1DC917B55A2A00C5E18B /* GHSidebarSearchViewController.m in Sources */ = {isa = PBXBuildFile; fileRef = 5B3B1DC017B55A2A00C5E18B /* GHSidebarSearchViewController.m */; };
		5B3B1DCA17B55A2A00C5E18B /* searchBarBG.png in Resources */ = {isa = PBXBuildFile; fileRef = 5B3B1DC317B55A2A00C5E18B /* searchBarBG.png */; };
		5B3B1DCB17B55A2A00C5E18B /* searchBarIcon.png in Resources */ = {isa = PBXBuildFile; fileRef = 5B3B1DC417B55A2A00C5E18B /* searchBarIcon.png */; };
		5B3B1DCC17B55A2A00C5E18B /* searchBarIcon@2x.png in Resources */ = {isa = PBXBuildFile; fileRef = 5B3B1DC517B55A2A00C5E18B /* searchBarIcon@2x.png */; };
		5B3B1DCD17B55A2A00C5E18B /* searchTextBG.png in Resources */ = {isa = PBXBuildFile; fileRef = 5B3B1DC617B55A2A00C5E18B /* searchTextBG.png */; };
		5B3B1DCE17B55A2A00C5E18B /* user.png in Resources */ = {isa = PBXBuildFile; fileRef = 5B3B1DC717B55A2A00C5E18B /* user.png */; };
		5B3B1DD217B55AA200C5E18B /* MCMainSideViewController.m in Sources */ = {isa = PBXBuildFile; fileRef = 5B3B1DD117B55AA200C5E18B /* MCMainSideViewController.m */; };
		5B3B1DD417B8AAE600C5E18B /* Media.xcassets in Resources */ = {isa = PBXBuildFile; fileRef = 5B3B1DD317B8AAE600C5E18B /* Media.xcassets */; };
		5B3B1DD717B8B22000C5E18B /* MCSidebarController.m in Sources */ = {isa = PBXBuildFile; fileRef = 5B3B1DD617B8B22000C5E18B /* MCSidebarController.m */; };
		5B3B1DDD17B8B83200C5E18B /* profile.jpg in Resources */ = {isa = PBXBuildFile; fileRef = 5B3B1DDC17B8B83200C5E18B /* profile.jpg */; };
		5B3B1DDF17B8BCDF00C5E18B /* profile_jorge.jpg in Resources */ = {isa = PBXBuildFile; fileRef = 5B3B1DDE17B8BCDF00C5E18B /* profile_jorge.jpg */; };
		5B49245F16715C13005ADD60 /* main.m in Sources */ = {isa = PBXBuildFile; fileRef = 8BEBB8CA1664259400782803 /* main.m */; };
		5B49246016715C13005ADD60 /* SPAppDelegate.m in Sources */ = {isa = PBXBuildFile; fileRef = 8BEBB8CE1664259400782803 /* SPAppDelegate.m */; };
		5B49246116715C13005ADD60 /* SPViewController.m in Sources */ = {isa = PBXBuildFile; fileRef = 8BEBB8D71664259400782803 /* SPViewController.m */; };
		5B49246216715C13005ADD60 /* NSData+Base64.m in Sources */ = {isa = PBXBuildFile; fileRef = 5B84A3F516649736001A5DBF /* NSData+Base64.m */; };
		5B49246516715C13005ADD60 /* SPAnnotations.m in Sources */ = {isa = PBXBuildFile; fileRef = 5BEEF8451668909100DD0C75 /* SPAnnotations.m */; };
		5B49246916715C13005ADD60 /* MapKit.framework in Frameworks */ = {isa = PBXBuildFile; fileRef = 8B0D34FB1667F1EC00D48C26 /* MapKit.framework */; };
		5B49246A16715C13005ADD60 /* CoreLocation.framework in Frameworks */ = {isa = PBXBuildFile; fileRef = 8B0D34F81667F1E600D48C26 /* CoreLocation.framework */; };
		5B49246B16715C13005ADD60 /* UIKit.framework in Frameworks */ = {isa = PBXBuildFile; fileRef = 8BEBB8BE1664259400782803 /* UIKit.framework */; };
		5B49246C16715C13005ADD60 /* Foundation.framework in Frameworks */ = {isa = PBXBuildFile; fileRef = 8BEBB8C01664259400782803 /* Foundation.framework */; };
		5B49246D16715C13005ADD60 /* CoreGraphics.framework in Frameworks */ = {isa = PBXBuildFile; fileRef = 8BEBB8C21664259400782803 /* CoreGraphics.framework */; };
		5B49246E16715C13005ADD60 /* libz.dylib in Frameworks */ = {isa = PBXBuildFile; fileRef = 5B49245216714F34005ADD60 /* libz.dylib */; };
		5B49247116715C13005ADD60 /* InfoPlist.strings in Resources */ = {isa = PBXBuildFile; fileRef = 8BEBB8C71664259400782803 /* InfoPlist.strings */; };
		5B53A4A517C18D3300BEB7FE /* Place.m in Sources */ = {isa = PBXBuildFile; fileRef = 5B53A4A417C18D3300BEB7FE /* Place.m */; };
		5B575E5217CEEB6400F9692C /* SignupViewController.m in Sources */ = {isa = PBXBuildFile; fileRef = 5B575E5117CEEB6400F9692C /* SignupViewController.m */; };
		5B575E5717CEF83A00F9692C /* LoginViewController.m in Sources */ = {isa = PBXBuildFile; fileRef = 5B575E5617CEF79600F9692C /* LoginViewController.m */; };
		5B575E5817CEF84400F9692C /* AccountViewController.m in Sources */ = {isa = PBXBuildFile; fileRef = 5B575E5317CEF79600F9692C /* AccountViewController.m */; };
		5B61388417CEFABF0076216B /* FacebookSDK.framework in Frameworks */ = {isa = PBXBuildFile; fileRef = 5B61388317CEFABF0076216B /* FacebookSDK.framework */; };
		5B9E083716AA7E2C0096E065 /* SettingsViewController.m in Sources */ = {isa = PBXBuildFile; fileRef = 5B9E083516AA7E2C0096E065 /* SettingsViewController.m */; };
		5B9E083816AA7E2C0096E065 /* SettingsViewController.xib in Resources */ = {isa = PBXBuildFile; fileRef = 5B9E083616AA7E2C0096E065 /* SettingsViewController.xib */; };
		5BA6405C16726419007528BD /* DetailsViewController.m in Sources */ = {isa = PBXBuildFile; fileRef = 5BA6405916726419007528BD /* DetailsViewController.m */; };
		5BA640631672644D007528BD /* libTestFlight.a in Frameworks */ = {isa = PBXBuildFile; fileRef = 5BA640621672644D007528BD /* libTestFlight.a */; };
		5BA640671672646F007528BD /* GTMStringEncoding.m in Sources */ = {isa = PBXBuildFile; fileRef = 5BA640641672646F007528BD /* GTMStringEncoding.m */; };
		5BB9EAF3179CE0B100A0350B /* Favorite.m in Sources */ = {isa = PBXBuildFile; fileRef = 5BB9EAF2179CE0B100A0350B /* Favorite.m */; };
		5BCA782116E078330041FA20 /* MCFavoritesViewController.m in Sources */ = {isa = PBXBuildFile; fileRef = 5BCA781F16E078330041FA20 /* MCFavoritesViewController.m */; };
		5BCA782416E08F940041FA20 /* bira.ttf in Resources */ = {isa = PBXBuildFile; fileRef = 5BCA782316E08F940041FA20 /* bira.ttf */; };
		5BDC33B217BDC3AE00C6D983 /* SideBarCell.m in Sources */ = {isa = PBXBuildFile; fileRef = 5BDC33B117BDC3AE00C6D983 /* SideBarCell.m */; };
		5BFF20F5179E526C0052306C /* GooglePlacesAPIClient.m in Sources */ = {isa = PBXBuildFile; fileRef = 5BFF20F4179E526C0052306C /* GooglePlacesAPIClient.m */; };
		E7756F7F173093A60068615A /* AFHTTPClient.m in Sources */ = {isa = PBXBuildFile; fileRef = E7756F6D173093A60068615A /* AFHTTPClient.m */; };
		E7756F80173093A60068615A /* AFHTTPRequestOperation.m in Sources */ = {isa = PBXBuildFile; fileRef = E7756F6F173093A60068615A /* AFHTTPRequestOperation.m */; };
		E7756F81173093A60068615A /* AFImageRequestOperation.m in Sources */ = {isa = PBXBuildFile; fileRef = E7756F71173093A60068615A /* AFImageRequestOperation.m */; };
		E7756F82173093A60068615A /* AFJSONRequestOperation.m in Sources */ = {isa = PBXBuildFile; fileRef = E7756F73173093A60068615A /* AFJSONRequestOperation.m */; };
		E7756F83173093A60068615A /* AFNetworkActivityIndicatorManager.m in Sources */ = {isa = PBXBuildFile; fileRef = E7756F75173093A60068615A /* AFNetworkActivityIndicatorManager.m */; };
		E7756F84173093A60068615A /* AFPropertyListRequestOperation.m in Sources */ = {isa = PBXBuildFile; fileRef = E7756F78173093A60068615A /* AFPropertyListRequestOperation.m */; };
		E7756F85173093A60068615A /* AFURLConnectionOperation.m in Sources */ = {isa = PBXBuildFile; fileRef = E7756F7A173093A60068615A /* AFURLConnectionOperation.m */; };
		E7756F86173093A60068615A /* AFXMLRequestOperation.m in Sources */ = {isa = PBXBuildFile; fileRef = E7756F7C173093A60068615A /* AFXMLRequestOperation.m */; };
		E7756F87173093A60068615A /* UIImageView+AFNetworking.m in Sources */ = {isa = PBXBuildFile; fileRef = E7756F7E173093A60068615A /* UIImageView+AFNetworking.m */; };
/* End PBXBuildFile section */

/* Begin PBXFileReference section */
		5B2050C717CAE751008A94D7 /* Parse.framework */ = {isa = PBXFileReference; lastKnownFileType = wrapper.framework; path = Parse.framework; sourceTree = "<group>"; };
		5B2050C917CAE77C008A94D7 /* AudioToolbox.framework */ = {isa = PBXFileReference; lastKnownFileType = wrapper.framework; name = AudioToolbox.framework; path = System/Library/Frameworks/AudioToolbox.framework; sourceTree = SDKROOT; };
		5B2050CB17CAE783008A94D7 /* CFNetwork.framework */ = {isa = PBXFileReference; lastKnownFileType = wrapper.framework; name = CFNetwork.framework; path = System/Library/Frameworks/CFNetwork.framework; sourceTree = SDKROOT; };
		5B2050CD17CAE795008A94D7 /* libz.1.1.3.dylib */ = {isa = PBXFileReference; lastKnownFileType = "compiled.mach-o.dylib"; name = libz.1.1.3.dylib; path = usr/lib/libz.1.1.3.dylib; sourceTree = SDKROOT; };
		5B2050CF17CAE79D008A94D7 /* MobileCoreServices.framework */ = {isa = PBXFileReference; lastKnownFileType = wrapper.framework; name = MobileCoreServices.framework; path = System/Library/Frameworks/MobileCoreServices.framework; sourceTree = SDKROOT; };
		5B2050D117CAE7A4008A94D7 /* QuartzCore.framework */ = {isa = PBXFileReference; lastKnownFileType = wrapper.framework; name = QuartzCore.framework; path = System/Library/Frameworks/QuartzCore.framework; sourceTree = SDKROOT; };
		5B2050D317CAE7AB008A94D7 /* Security.framework */ = {isa = PBXFileReference; lastKnownFileType = wrapper.framework; name = Security.framework; path = System/Library/Frameworks/Security.framework; sourceTree = SDKROOT; };
		5B2050D517CAE7B4008A94D7 /* StoreKit.framework */ = {isa = PBXFileReference; lastKnownFileType = wrapper.framework; name = StoreKit.framework; path = System/Library/Frameworks/StoreKit.framework; sourceTree = SDKROOT; };
		5B2050D717CAE7BD008A94D7 /* SystemConfiguration.framework */ = {isa = PBXFileReference; lastKnownFileType = wrapper.framework; name = SystemConfiguration.framework; path = System/Library/Frameworks/SystemConfiguration.framework; sourceTree = SDKROOT; };
		5B2050D917CAFDB1008A94D7 /* SWRevealViewControllerSegue.h */ = {isa = PBXFileReference; fileEncoding = 4; lastKnownFileType = sourcecode.c.h; path = SWRevealViewControllerSegue.h; sourceTree = "<group>"; };
		5B2050DA17CAFDB1008A94D7 /* SWRevealViewControllerSegue.m */ = {isa = PBXFileReference; fileEncoding = 4; lastKnownFileType = sourcecode.c.objc; path = SWRevealViewControllerSegue.m; sourceTree = "<group>"; };
		5B20786116A269C400E3AB0A /* SPViewController.xib */ = {isa = PBXFileReference; fileEncoding = 4; lastKnownFileType = file.xib; path = SPViewController.xib; sourceTree = "<group>"; };
		5B20786316A269D100E3AB0A /* MCSearchViewController.h */ = {isa = PBXFileReference; fileEncoding = 4; lastKnownFileType = sourcecode.c.h; path = MCSearchViewController.h; sourceTree = "<group>"; };
		5B20786416A269D100E3AB0A /* MCSearchViewController.m */ = {isa = PBXFileReference; fileEncoding = 4; lastKnownFileType = sourcecode.c.objc; path = MCSearchViewController.m; sourceTree = "<group>"; };
		5B234E3C179CB6E1001F1329 /* MainStoryboard.storyboard */ = {isa = PBXFileReference; fileEncoding = 4; lastKnownFileType = file.storyboard; path = MainStoryboard.storyboard; sourceTree = "<group>"; };
		5B3B1DBD17B55A2A00C5E18B /* GHRevealViewController.h */ = {isa = PBXFileReference; fileEncoding = 4; lastKnownFileType = sourcecode.c.h; path = GHRevealViewController.h; sourceTree = "<group>"; };
		5B3B1DBE17B55A2A00C5E18B /* GHRevealViewController.m */ = {isa = PBXFileReference; fileEncoding = 4; lastKnownFileType = sourcecode.c.objc; path = GHRevealViewController.m; sourceTree = "<group>"; };
		5B3B1DBF17B55A2A00C5E18B /* GHSidebarSearchViewController.h */ = {isa = PBXFileReference; fileEncoding = 4; lastKnownFileType = sourcecode.c.h; path = GHSidebarSearchViewController.h; sourceTree = "<group>"; };
		5B3B1DC017B55A2A00C5E18B /* GHSidebarSearchViewController.m */ = {isa = PBXFileReference; fileEncoding = 4; lastKnownFileType = sourcecode.c.objc; path = GHSidebarSearchViewController.m; sourceTree = "<group>"; };
		5B3B1DC117B55A2A00C5E18B /* GHSidebarSearchViewControllerDelegate.h */ = {isa = PBXFileReference; fileEncoding = 4; lastKnownFileType = sourcecode.c.h; path = GHSidebarSearchViewControllerDelegate.h; sourceTree = "<group>"; };
		5B3B1DC317B55A2A00C5E18B /* searchBarBG.png */ = {isa = PBXFileReference; lastKnownFileType = image.png; path = searchBarBG.png; sourceTree = "<group>"; };
		5B3B1DC417B55A2A00C5E18B /* searchBarIcon.png */ = {isa = PBXFileReference; lastKnownFileType = image.png; path = searchBarIcon.png; sourceTree = "<group>"; };
		5B3B1DC517B55A2A00C5E18B /* searchBarIcon@2x.png */ = {isa = PBXFileReference; lastKnownFileType = image.png; path = "searchBarIcon@2x.png"; sourceTree = "<group>"; };
		5B3B1DC617B55A2A00C5E18B /* searchTextBG.png */ = {isa = PBXFileReference; lastKnownFileType = image.png; path = searchTextBG.png; sourceTree = "<group>"; };
		5B3B1DC717B55A2A00C5E18B /* user.png */ = {isa = PBXFileReference; lastKnownFileType = image.png; path = user.png; sourceTree = "<group>"; };
		5B3B1DD017B55AA200C5E18B /* MCMainSideViewController.h */ = {isa = PBXFileReference; fileEncoding = 4; lastKnownFileType = sourcecode.c.h; path = MCMainSideViewController.h; sourceTree = "<group>"; };
		5B3B1DD117B55AA200C5E18B /* MCMainSideViewController.m */ = {isa = PBXFileReference; fileEncoding = 4; lastKnownFileType = sourcecode.c.objc; path = MCMainSideViewController.m; sourceTree = "<group>"; };
		5B3B1DD317B8AAE600C5E18B /* Media.xcassets */ = {isa = PBXFileReference; lastKnownFileType = folder.assetcatalog; path = Media.xcassets; sourceTree = "<group>"; };
		5B3B1DD517B8B22000C5E18B /* MCSidebarController.h */ = {isa = PBXFileReference; fileEncoding = 4; lastKnownFileType = sourcecode.c.h; path = MCSidebarController.h; sourceTree = "<group>"; };
		5B3B1DD617B8B22000C5E18B /* MCSidebarController.m */ = {isa = PBXFileReference; fileEncoding = 4; lastKnownFileType = sourcecode.c.objc; path = MCSidebarController.m; sourceTree = "<group>"; };
		5B3B1DDC17B8B83200C5E18B /* profile.jpg */ = {isa = PBXFileReference; lastKnownFileType = image.jpeg; path = profile.jpg; sourceTree = "<group>"; };
		5B3B1DDE17B8BCDF00C5E18B /* profile_jorge.jpg */ = {isa = PBXFileReference; lastKnownFileType = image.jpeg; path = profile_jorge.jpg; sourceTree = "<group>"; };
		5B49245216714F34005ADD60 /* libz.dylib */ = {isa = PBXFileReference; lastKnownFileType = "compiled.mach-o.dylib"; name = libz.dylib; path = usr/lib/libz.dylib; sourceTree = SDKROOT; };
		5B49247B16715C13005ADD60 /* MealCatcher.app */ = {isa = PBXFileReference; explicitFileType = wrapper.application; includeInIndex = 0; path = MealCatcher.app; sourceTree = BUILT_PRODUCTS_DIR; };
		5B53A4A317C18D3300BEB7FE /* Place.h */ = {isa = PBXFileReference; fileEncoding = 4; lastKnownFileType = sourcecode.c.h; name = Place.h; path = Model/Place.h; sourceTree = "<group>"; };
		5B53A4A417C18D3300BEB7FE /* Place.m */ = {isa = PBXFileReference; fileEncoding = 4; lastKnownFileType = sourcecode.c.objc; name = Place.m; path = Model/Place.m; sourceTree = "<group>"; };
		5B575E5017CEEB6400F9692C /* SignupViewController.h */ = {isa = PBXFileReference; fileEncoding = 4; lastKnownFileType = sourcecode.c.h; name = SignupViewController.h; path = Authentication/SignupViewController.h; sourceTree = "<group>"; };
		5B575E5117CEEB6400F9692C /* SignupViewController.m */ = {isa = PBXFileReference; fileEncoding = 4; lastKnownFileType = sourcecode.c.objc; name = SignupViewController.m; path = Authentication/SignupViewController.m; sourceTree = "<group>"; };
		5B575E5317CEF79600F9692C /* AccountViewController.m */ = {isa = PBXFileReference; lastKnownFileType = sourcecode.c.objc; name = AccountViewController.m; path = Authentication/AccountViewController.m; sourceTree = "<group>"; };
		5B575E5417CEF79600F9692C /* LoginViewController.h */ = {isa = PBXFileReference; lastKnownFileType = sourcecode.c.h; name = LoginViewController.h; path = Authentication/LoginViewController.h; sourceTree = "<group>"; };
		5B575E5517CEF79600F9692C /* AccountViewController.h */ = {isa = PBXFileReference; lastKnownFileType = sourcecode.c.h; name = AccountViewController.h; path = Authentication/AccountViewController.h; sourceTree = "<group>"; };
		5B575E5617CEF79600F9692C /* LoginViewController.m */ = {isa = PBXFileReference; lastKnownFileType = sourcecode.c.objc; name = LoginViewController.m; path = Authentication/LoginViewController.m; sourceTree = "<group>"; };
		5B61388317CEFABF0076216B /* FacebookSDK.framework */ = {isa = PBXFileReference; lastKnownFileType = wrapper.framework; name = FacebookSDK.framework; path = ../FacebookSDK/FacebookSDK.framework; sourceTree = "<group>"; };
		5B84A3F416649731001A5DBF /* NSData+Base64.h */ = {isa = PBXFileReference; lastKnownFileType = sourcecode.c.h; path = "NSData+Base64.h"; sourceTree = "<group>"; };
		5B84A3F516649736001A5DBF /* NSData+Base64.m */ = {isa = PBXFileReference; fileEncoding = 4; lastKnownFileType = sourcecode.c.objc; path = "NSData+Base64.m"; sourceTree = "<group>"; };
		5B9E083416AA7E2C0096E065 /* SettingsViewController.h */ = {isa = PBXFileReference; fileEncoding = 4; lastKnownFileType = sourcecode.c.h; path = SettingsViewController.h; sourceTree = "<group>"; };
		5B9E083516AA7E2C0096E065 /* SettingsViewController.m */ = {isa = PBXFileReference; fileEncoding = 4; lastKnownFileType = sourcecode.c.objc; path = SettingsViewController.m; sourceTree = "<group>"; };
		5B9E083616AA7E2C0096E065 /* SettingsViewController.xib */ = {isa = PBXFileReference; fileEncoding = 4; lastKnownFileType = file.xib; path = SettingsViewController.xib; sourceTree = "<group>"; };
		5BA6405916726419007528BD /* DetailsViewController.m */ = {isa = PBXFileReference; fileEncoding = 4; lastKnownFileType = sourcecode.c.objc; path = DetailsViewController.m; sourceTree = "<group>"; };
		5BA6405A16726419007528BD /* DetailsViewController.h */ = {isa = PBXFileReference; fileEncoding = 4; lastKnownFileType = sourcecode.c.h; path = DetailsViewController.h; sourceTree = "<group>"; };
		5BA640611672644D007528BD /* TestFlight.h */ = {isa = PBXFileReference; fileEncoding = 4; lastKnownFileType = sourcecode.c.h; name = TestFlight.h; path = MealCatcher/TestFlight.h; sourceTree = "<group>"; };
		5BA640621672644D007528BD /* libTestFlight.a */ = {isa = PBXFileReference; lastKnownFileType = archive.ar; name = libTestFlight.a; path = MealCatcher/libTestFlight.a; sourceTree = "<group>"; };
		5BA640641672646F007528BD /* GTMStringEncoding.m */ = {isa = PBXFileReference; fileEncoding = 4; lastKnownFileType = sourcecode.c.objc; path = GTMStringEncoding.m; sourceTree = "<group>"; };
		5BA640651672646F007528BD /* GTMStringEncoding.h */ = {isa = PBXFileReference; fileEncoding = 4; lastKnownFileType = sourcecode.c.h; path = GTMStringEncoding.h; sourceTree = "<group>"; };
		5BA640661672646F007528BD /* GTMDefines.h */ = {isa = PBXFileReference; fileEncoding = 4; lastKnownFileType = sourcecode.c.h; path = GTMDefines.h; sourceTree = "<group>"; };
		5BB9EAF1179CE0B100A0350B /* Favorite.h */ = {isa = PBXFileReference; fileEncoding = 4; lastKnownFileType = sourcecode.c.h; name = Favorite.h; path = Model/Favorite.h; sourceTree = "<group>"; };
		5BB9EAF2179CE0B100A0350B /* Favorite.m */ = {isa = PBXFileReference; fileEncoding = 4; lastKnownFileType = sourcecode.c.objc; name = Favorite.m; path = Model/Favorite.m; sourceTree = "<group>"; };
		5BCA781E16E078330041FA20 /* MCFavoritesViewController.h */ = {isa = PBXFileReference; fileEncoding = 4; lastKnownFileType = sourcecode.c.h; path = MCFavoritesViewController.h; sourceTree = "<group>"; };
		5BCA781F16E078330041FA20 /* MCFavoritesViewController.m */ = {isa = PBXFileReference; fileEncoding = 4; lastKnownFileType = sourcecode.c.objc; path = MCFavoritesViewController.m; sourceTree = "<group>"; };
		5BCA782316E08F940041FA20 /* bira.ttf */ = {isa = PBXFileReference; lastKnownFileType = file; path = bira.ttf; sourceTree = "<group>"; };
		5BDC33B017BDC3AE00C6D983 /* SideBarCell.h */ = {isa = PBXFileReference; fileEncoding = 4; lastKnownFileType = sourcecode.c.h; name = SideBarCell.h; path = Cells/SideBarCell.h; sourceTree = "<group>"; };
		5BDC33B117BDC3AE00C6D983 /* SideBarCell.m */ = {isa = PBXFileReference; fileEncoding = 4; lastKnownFileType = sourcecode.c.objc; name = SideBarCell.m; path = Cells/SideBarCell.m; sourceTree = "<group>"; };
		5BEEF8441668909100DD0C75 /* SPAnnotations.h */ = {isa = PBXFileReference; fileEncoding = 4; lastKnownFileType = sourcecode.c.h; path = SPAnnotations.h; sourceTree = "<group>"; };
		5BEEF8451668909100DD0C75 /* SPAnnotations.m */ = {isa = PBXFileReference; fileEncoding = 4; lastKnownFileType = sourcecode.c.objc; path = SPAnnotations.m; sourceTree = "<group>"; };
		5BFF20F3179E526C0052306C /* GooglePlacesAPIClient.h */ = {isa = PBXFileReference; fileEncoding = 4; lastKnownFileType = sourcecode.c.h; name = GooglePlacesAPIClient.h; path = GooglePlacesAPIClient/GooglePlacesAPIClient.h; sourceTree = "<group>"; };
		5BFF20F4179E526C0052306C /* GooglePlacesAPIClient.m */ = {isa = PBXFileReference; fileEncoding = 4; lastKnownFileType = sourcecode.c.objc; name = GooglePlacesAPIClient.m; path = GooglePlacesAPIClient/GooglePlacesAPIClient.m; sourceTree = "<group>"; };
		8B0D34F81667F1E600D48C26 /* CoreLocation.framework */ = {isa = PBXFileReference; lastKnownFileType = wrapper.framework; name = CoreLocation.framework; path = System/Library/Frameworks/CoreLocation.framework; sourceTree = SDKROOT; };
		8B0D34FB1667F1EC00D48C26 /* MapKit.framework */ = {isa = PBXFileReference; lastKnownFileType = wrapper.framework; name = MapKit.framework; path = System/Library/Frameworks/MapKit.framework; sourceTree = SDKROOT; };
		8BEBB8BE1664259400782803 /* UIKit.framework */ = {isa = PBXFileReference; lastKnownFileType = wrapper.framework; name = UIKit.framework; path = System/Library/Frameworks/UIKit.framework; sourceTree = SDKROOT; };
		8BEBB8C01664259400782803 /* Foundation.framework */ = {isa = PBXFileReference; lastKnownFileType = wrapper.framework; name = Foundation.framework; path = System/Library/Frameworks/Foundation.framework; sourceTree = SDKROOT; };
		8BEBB8C21664259400782803 /* CoreGraphics.framework */ = {isa = PBXFileReference; lastKnownFileType = wrapper.framework; name = CoreGraphics.framework; path = System/Library/Frameworks/CoreGraphics.framework; sourceTree = SDKROOT; };
		8BEBB8C61664259400782803 /* MealCatcher-Info.plist */ = {isa = PBXFileReference; lastKnownFileType = text.plist.xml; path = "MealCatcher-Info.plist"; sourceTree = "<group>"; };
		8BEBB8C81664259400782803 /* en */ = {isa = PBXFileReference; lastKnownFileType = text.plist.strings; name = en; path = en.lproj/InfoPlist.strings; sourceTree = "<group>"; };
		8BEBB8CA1664259400782803 /* main.m */ = {isa = PBXFileReference; lastKnownFileType = sourcecode.c.objc; path = main.m; sourceTree = "<group>"; };
		8BEBB8CC1664259400782803 /* MealCatcher-Prefix.pch */ = {isa = PBXFileReference; lastKnownFileType = sourcecode.c.h; path = "MealCatcher-Prefix.pch"; sourceTree = "<group>"; };
		8BEBB8CD1664259400782803 /* SPAppDelegate.h */ = {isa = PBXFileReference; lastKnownFileType = sourcecode.c.h; path = SPAppDelegate.h; sourceTree = "<group>"; };
		8BEBB8CE1664259400782803 /* SPAppDelegate.m */ = {isa = PBXFileReference; lastKnownFileType = sourcecode.c.objc; path = SPAppDelegate.m; sourceTree = "<group>"; };
		8BEBB8D61664259400782803 /* SPViewController.h */ = {isa = PBXFileReference; lastKnownFileType = sourcecode.c.h; path = SPViewController.h; sourceTree = "<group>"; };
		8BEBB8D71664259400782803 /* SPViewController.m */ = {isa = PBXFileReference; lastKnownFileType = sourcecode.c.objc; path = SPViewController.m; sourceTree = "<group>"; };
		E7756F6C173093A60068615A /* AFHTTPClient.h */ = {isa = PBXFileReference; fileEncoding = 4; lastKnownFileType = sourcecode.c.h; path = AFHTTPClient.h; sourceTree = "<group>"; };
		E7756F6D173093A60068615A /* AFHTTPClient.m */ = {isa = PBXFileReference; fileEncoding = 4; lastKnownFileType = sourcecode.c.objc; path = AFHTTPClient.m; sourceTree = "<group>"; };
		E7756F6E173093A60068615A /* AFHTTPRequestOperation.h */ = {isa = PBXFileReference; fileEncoding = 4; lastKnownFileType = sourcecode.c.h; path = AFHTTPRequestOperation.h; sourceTree = "<group>"; };
		E7756F6F173093A60068615A /* AFHTTPRequestOperation.m */ = {isa = PBXFileReference; fileEncoding = 4; lastKnownFileType = sourcecode.c.objc; path = AFHTTPRequestOperation.m; sourceTree = "<group>"; };
		E7756F70173093A60068615A /* AFImageRequestOperation.h */ = {isa = PBXFileReference; fileEncoding = 4; lastKnownFileType = sourcecode.c.h; path = AFImageRequestOperation.h; sourceTree = "<group>"; };
		E7756F71173093A60068615A /* AFImageRequestOperation.m */ = {isa = PBXFileReference; fileEncoding = 4; lastKnownFileType = sourcecode.c.objc; path = AFImageRequestOperation.m; sourceTree = "<group>"; };
		E7756F72173093A60068615A /* AFJSONRequestOperation.h */ = {isa = PBXFileReference; fileEncoding = 4; lastKnownFileType = sourcecode.c.h; path = AFJSONRequestOperation.h; sourceTree = "<group>"; };
		E7756F73173093A60068615A /* AFJSONRequestOperation.m */ = {isa = PBXFileReference; fileEncoding = 4; lastKnownFileType = sourcecode.c.objc; path = AFJSONRequestOperation.m; sourceTree = "<group>"; };
		E7756F74173093A60068615A /* AFNetworkActivityIndicatorManager.h */ = {isa = PBXFileReference; fileEncoding = 4; lastKnownFileType = sourcecode.c.h; path = AFNetworkActivityIndicatorManager.h; sourceTree = "<group>"; };
		E7756F75173093A60068615A /* AFNetworkActivityIndicatorManager.m */ = {isa = PBXFileReference; fileEncoding = 4; lastKnownFileType = sourcecode.c.objc; path = AFNetworkActivityIndicatorManager.m; sourceTree = "<group>"; };
		E7756F76173093A60068615A /* AFNetworking.h */ = {isa = PBXFileReference; fileEncoding = 4; lastKnownFileType = sourcecode.c.h; path = AFNetworking.h; sourceTree = "<group>"; };
		E7756F77173093A60068615A /* AFPropertyListRequestOperation.h */ = {isa = PBXFileReference; fileEncoding = 4; lastKnownFileType = sourcecode.c.h; path = AFPropertyListRequestOperation.h; sourceTree = "<group>"; };
		E7756F78173093A60068615A /* AFPropertyListRequestOperation.m */ = {isa = PBXFileReference; fileEncoding = 4; lastKnownFileType = sourcecode.c.objc; path = AFPropertyListRequestOperation.m; sourceTree = "<group>"; };
		E7756F79173093A60068615A /* AFURLConnectionOperation.h */ = {isa = PBXFileReference; fileEncoding = 4; lastKnownFileType = sourcecode.c.h; path = AFURLConnectionOperation.h; sourceTree = "<group>"; };
		E7756F7A173093A60068615A /* AFURLConnectionOperation.m */ = {isa = PBXFileReference; fileEncoding = 4; lastKnownFileType = sourcecode.c.objc; path = AFURLConnectionOperation.m; sourceTree = "<group>"; };
		E7756F7B173093A60068615A /* AFXMLRequestOperation.h */ = {isa = PBXFileReference; fileEncoding = 4; lastKnownFileType = sourcecode.c.h; path = AFXMLRequestOperation.h; sourceTree = "<group>"; };
		E7756F7C173093A60068615A /* AFXMLRequestOperation.m */ = {isa = PBXFileReference; fileEncoding = 4; lastKnownFileType = sourcecode.c.objc; path = AFXMLRequestOperation.m; sourceTree = "<group>"; };
		E7756F7D173093A60068615A /* UIImageView+AFNetworking.h */ = {isa = PBXFileReference; fileEncoding = 4; lastKnownFileType = sourcecode.c.h; path = "UIImageView+AFNetworking.h"; sourceTree = "<group>"; };
		E7756F7E173093A60068615A /* UIImageView+AFNetworking.m */ = {isa = PBXFileReference; fileEncoding = 4; lastKnownFileType = sourcecode.c.objc; path = "UIImageView+AFNetworking.m"; sourceTree = "<group>"; };
/* End PBXFileReference section */

/* Begin PBXFrameworksBuildPhase section */
		5B49246816715C13005ADD60 /* Frameworks */ = {
			isa = PBXFrameworksBuildPhase;
			buildActionMask = 2147483647;
			files = (
				5B2050D817CAE7BD008A94D7 /* SystemConfiguration.framework in Frameworks */,
				5B2050D617CAE7B4008A94D7 /* StoreKit.framework in Frameworks */,
				5B2050D417CAE7AB008A94D7 /* Security.framework in Frameworks */,
				5B2050D217CAE7A4008A94D7 /* QuartzCore.framework in Frameworks */,
				5B2050D017CAE79D008A94D7 /* MobileCoreServices.framework in Frameworks */,
				5B2050CE17CAE795008A94D7 /* libz.1.1.3.dylib in Frameworks */,
				5B49246D16715C13005ADD60 /* CoreGraphics.framework in Frameworks */,
				5B2050CC17CAE783008A94D7 /* CFNetwork.framework in Frameworks */,
				5B61388417CEFABF0076216B /* FacebookSDK.framework in Frameworks */,
				5B2050CA17CAE77C008A94D7 /* AudioToolbox.framework in Frameworks */,
				5B49246916715C13005ADD60 /* MapKit.framework in Frameworks */,
				5B49246A16715C13005ADD60 /* CoreLocation.framework in Frameworks */,
				5B49246B16715C13005ADD60 /* UIKit.framework in Frameworks */,
				5B49246C16715C13005ADD60 /* Foundation.framework in Frameworks */,
				5B49246E16715C13005ADD60 /* libz.dylib in Frameworks */,
				5B2050C817CAE751008A94D7 /* Parse.framework in Frameworks */,
				5BA640631672644D007528BD /* libTestFlight.a in Frameworks */,
			);
			runOnlyForDeploymentPostprocessing = 0;
		};
/* End PBXFrameworksBuildPhase section */

/* Begin PBXGroup section */
		5B234E7F179CDCA8001F1329 /* Model */ = {
			isa = PBXGroup;
			children = (
				5BB9EAF1179CE0B100A0350B /* Favorite.h */,
				5BB9EAF2179CE0B100A0350B /* Favorite.m */,
				5B53A4A317C18D3300BEB7FE /* Place.h */,
				5B53A4A417C18D3300BEB7FE /* Place.m */,
			);
			name = Model;
			sourceTree = "<group>";
		};
		5B3B1DA817B558F900C5E18B /* Library */ = {
			isa = PBXGroup;
			children = (
				5B49245116714EDB005ADD60 /* TestFlight */,
				E7756F6B173093A60068615A /* AFNetworking */,
				5BFF20E8179E4E8B0052306C /* Google Places API */,
				5B3B1DBC17B55A2A00C5E18B /* GHSidebarNav */,
			);
			name = Library;
			path = ..;
			sourceTree = "<group>";
		};
		5B3B1DBC17B55A2A00C5E18B /* GHSidebarNav */ = {
			isa = PBXGroup;
			children = (
				5B3B1DBD17B55A2A00C5E18B /* GHRevealViewController.h */,
				5B3B1DBE17B55A2A00C5E18B /* GHRevealViewController.m */,
				5B3B1DBF17B55A2A00C5E18B /* GHSidebarSearchViewController.h */,
				5B3B1DC017B55A2A00C5E18B /* GHSidebarSearchViewController.m */,
				5B3B1DC117B55A2A00C5E18B /* GHSidebarSearchViewControllerDelegate.h */,
				5B3B1DC217B55A2A00C5E18B /* Images */,
			);
			name = GHSidebarNav;
			path = MealCatcher/Library/GHSidebarNav;
			sourceTree = "<group>";
		};
		5B3B1DC217B55A2A00C5E18B /* Images */ = {
			isa = PBXGroup;
			children = (
				5B3B1DC317B55A2A00C5E18B /* searchBarBG.png */,
				5B3B1DC417B55A2A00C5E18B /* searchBarIcon.png */,
				5B3B1DC517B55A2A00C5E18B /* searchBarIcon@2x.png */,
				5B3B1DC617B55A2A00C5E18B /* searchTextBG.png */,
				5B3B1DC717B55A2A00C5E18B /* user.png */,
			);
			path = Images;
			sourceTree = "<group>";
		};
		5B3B1DCF17B55A4F00C5E18B /* Storyboards */ = {
			isa = PBXGroup;
			children = (
				5B234E3C179CB6E1001F1329 /* MainStoryboard.storyboard */,
			);
			name = Storyboards;
			sourceTree = "<group>";
		};
		5B3B1DDB17B8B83200C5E18B /* Images */ = {
			isa = PBXGroup;
			children = (
				5B3B1DDE17B8BCDF00C5E18B /* profile_jorge.jpg */,
				5B3B1DDC17B8B83200C5E18B /* profile.jpg */,
			);
			path = Images;
			sourceTree = "<group>";
		};
		5B49245116714EDB005ADD60 /* TestFlight */ = {
			isa = PBXGroup;
			children = (
				5BA640611672644D007528BD /* TestFlight.h */,
				5BA640621672644D007528BD /* libTestFlight.a */,
				5B49245216714F34005ADD60 /* libz.dylib */,
			);
			name = TestFlight;
			sourceTree = "<group>";
		};
		5B575E4F17CEE71500F9692C /* Authentication */ = {
			isa = PBXGroup;
			children = (
				5B575E5317CEF79600F9692C /* AccountViewController.m */,
				5B575E5517CEF79600F9692C /* AccountViewController.h */,
				5B575E5417CEF79600F9692C /* LoginViewController.h */,
				5B575E5617CEF79600F9692C /* LoginViewController.m */,
				5B575E5017CEEB6400F9692C /* SignupViewController.h */,
				5B575E5117CEEB6400F9692C /* SignupViewController.m */,
			);
			name = Authentication;
			sourceTree = "<group>";
		};
		5B84A3F21664971B001A5DBF /* Base64 */ = {
			isa = PBXGroup;
			children = (
				5BA640641672646F007528BD /* GTMStringEncoding.m */,
				5BA640651672646F007528BD /* GTMStringEncoding.h */,
				5BA640661672646F007528BD /* GTMDefines.h */,
				5B84A3F416649731001A5DBF /* NSData+Base64.h */,
				5B84A3F516649736001A5DBF /* NSData+Base64.m */,
			);
			name = Base64;
			sourceTree = "<group>";
		};
		5BDC33B317BDC40300C6D983 /* Cell */ = {
			isa = PBXGroup;
			children = (
				5BDC33B017BDC3AE00C6D983 /* SideBarCell.h */,
				5BDC33B117BDC3AE00C6D983 /* SideBarCell.m */,
			);
			name = Cell;
			sourceTree = "<group>";
		};
		5BFF20E8179E4E8B0052306C /* Google Places API */ = {
			isa = PBXGroup;
			children = (
				5BFF20F3179E526C0052306C /* GooglePlacesAPIClient.h */,
				5BFF20F4179E526C0052306C /* GooglePlacesAPIClient.m */,
			);
			name = "Google Places API";
			path = MealCatcher;
			sourceTree = "<group>";
		};
		8BEBB8AF1664259400782803 = {
			isa = PBXGroup;
			children = (
				8BEBB8C41664259400782803 /* MealCatcher */,
				8BEBB8BD1664259400782803 /* Frameworks */,
				8BEBB8BB1664259400782803 /* Products */,
			);
			sourceTree = "<group>";
		};
		8BEBB8BB1664259400782803 /* Products */ = {
			isa = PBXGroup;
			children = (
				5B49247B16715C13005ADD60 /* MealCatcher.app */,
			);
			name = Products;
			sourceTree = "<group>";
		};
		8BEBB8BD1664259400782803 /* Frameworks */ = {
			isa = PBXGroup;
			children = (
				5B61388317CEFABF0076216B /* FacebookSDK.framework */,
				5B2050D717CAE7BD008A94D7 /* SystemConfiguration.framework */,
				5B2050D517CAE7B4008A94D7 /* StoreKit.framework */,
				5B2050D317CAE7AB008A94D7 /* Security.framework */,
				5B2050D117CAE7A4008A94D7 /* QuartzCore.framework */,
				5B2050CF17CAE79D008A94D7 /* MobileCoreServices.framework */,
				5B2050CD17CAE795008A94D7 /* libz.1.1.3.dylib */,
				5B2050CB17CAE783008A94D7 /* CFNetwork.framework */,
				5B2050C917CAE77C008A94D7 /* AudioToolbox.framework */,
				8B0D34F81667F1E600D48C26 /* CoreLocation.framework */,
				5B2050C717CAE751008A94D7 /* Parse.framework */,
				8B0D34FB1667F1EC00D48C26 /* MapKit.framework */,
				8BEBB8BE1664259400782803 /* UIKit.framework */,
				8BEBB8C01664259400782803 /* Foundation.framework */,
				8BEBB8C21664259400782803 /* CoreGraphics.framework */,
			);
			name = Frameworks;
			sourceTree = "<group>";
		};
		8BEBB8C41664259400782803 /* MealCatcher */ = {
			isa = PBXGroup;
			children = (
				5B3B1DCF17B55A4F00C5E18B /* Storyboards */,
				5B575E4F17CEE71500F9692C /* Authentication */,
				5B2050D917CAFDB1008A94D7 /* SWRevealViewControllerSegue.h */,
				5B2050DA17CAFDB1008A94D7 /* SWRevealViewControllerSegue.m */,
				5BDC33B317BDC40300C6D983 /* Cell */,
				8BEBB8CD1664259400782803 /* SPAppDelegate.h */,
				8BEBB8CE1664259400782803 /* SPAppDelegate.m */,
				5B3B1DD517B8B22000C5E18B /* MCSidebarController.h */,
				5B3B1DD617B8B22000C5E18B /* MCSidebarController.m */,
				5B3B1DD017B55AA200C5E18B /* MCMainSideViewController.h */,
				5B3B1DD117B55AA200C5E18B /* MCMainSideViewController.m */,
				5BCA781E16E078330041FA20 /* MCFavoritesViewController.h */,
				5BCA781F16E078330041FA20 /* MCFavoritesViewController.m */,
				5B20786316A269D100E3AB0A /* MCSearchViewController.h */,
				5B20786416A269D100E3AB0A /* MCSearchViewController.m */,
				5B9E083416AA7E2C0096E065 /* SettingsViewController.h */,
				5B9E083516AA7E2C0096E065 /* SettingsViewController.m */,
				5B9E083616AA7E2C0096E065 /* SettingsViewController.xib */,
				5BA6405A16726419007528BD /* DetailsViewController.h */,
				5BA6405916726419007528BD /* DetailsViewController.m */,
				8BEBB8D61664259400782803 /* SPViewController.h */,
				8BEBB8D71664259400782803 /* SPViewController.m */,
				5B20786116A269C400E3AB0A /* SPViewController.xib */,
				5BEEF8441668909100DD0C75 /* SPAnnotations.h */,
				5BEEF8451668909100DD0C75 /* SPAnnotations.m */,
				5B3B1DD317B8AAE600C5E18B /* Media.xcassets */,
				5B234E7F179CDCA8001F1329 /* Model */,
				5B84A3F21664971B001A5DBF /* Base64 */,
				8BEBB8C51664259400782803 /* Supporting Files */,
				5B3B1DA817B558F900C5E18B /* Library */,
			);
			path = MealCatcher;
			sourceTree = "<group>";
		};
		8BEBB8C51664259400782803 /* Supporting Files */ = {
			isa = PBXGroup;
			children = (
				5B3B1DDB17B8B83200C5E18B /* Images */,
				8BEBB8C71664259400782803 /* InfoPlist.strings */,
				8BEBB8CA1664259400782803 /* main.m */,
				5BCA782316E08F940041FA20 /* bira.ttf */,
				8BEBB8C61664259400782803 /* MealCatcher-Info.plist */,
				8BEBB8CC1664259400782803 /* MealCatcher-Prefix.pch */,
			);
			name = "Supporting Files";
			sourceTree = "<group>";
		};
		E7756F6B173093A60068615A /* AFNetworking */ = {
			isa = PBXGroup;
			children = (
				E7756F6C173093A60068615A /* AFHTTPClient.h */,
				E7756F6D173093A60068615A /* AFHTTPClient.m */,
				E7756F6E173093A60068615A /* AFHTTPRequestOperation.h */,
				E7756F6F173093A60068615A /* AFHTTPRequestOperation.m */,
				E7756F70173093A60068615A /* AFImageRequestOperation.h */,
				E7756F71173093A60068615A /* AFImageRequestOperation.m */,
				E7756F72173093A60068615A /* AFJSONRequestOperation.h */,
				E7756F73173093A60068615A /* AFJSONRequestOperation.m */,
				E7756F74173093A60068615A /* AFNetworkActivityIndicatorManager.h */,
				E7756F75173093A60068615A /* AFNetworkActivityIndicatorManager.m */,
				E7756F76173093A60068615A /* AFNetworking.h */,
				E7756F77173093A60068615A /* AFPropertyListRequestOperation.h */,
				E7756F78173093A60068615A /* AFPropertyListRequestOperation.m */,
				E7756F79173093A60068615A /* AFURLConnectionOperation.h */,
				E7756F7A173093A60068615A /* AFURLConnectionOperation.m */,
				E7756F7B173093A60068615A /* AFXMLRequestOperation.h */,
				E7756F7C173093A60068615A /* AFXMLRequestOperation.m */,
				E7756F7D173093A60068615A /* UIImageView+AFNetworking.h */,
				E7756F7E173093A60068615A /* UIImageView+AFNetworking.m */,
			);
			path = AFNetworking;
			sourceTree = "<group>";
		};
/* End PBXGroup section */

/* Begin PBXNativeTarget section */
		5B49245D16715C13005ADD60 /* MealCatcher */ = {
			isa = PBXNativeTarget;
			buildConfigurationList = 5B49247816715C13005ADD60 /* Build configuration list for PBXNativeTarget "MealCatcher" */;
			buildPhases = (
				5B49245E16715C13005ADD60 /* Sources */,
				5B49246816715C13005ADD60 /* Frameworks */,
				5B49247016715C13005ADD60 /* Resources */,
				5BF002CA16A277DC0026BD8A /* ShellScript */,
			);
			buildRules = (
			);
			dependencies = (
			);
			name = MealCatcher;
			productName = MealCatcher;
			productReference = 5B49247B16715C13005ADD60 /* MealCatcher.app */;
			productType = "com.apple.product-type.application";
		};
/* End PBXNativeTarget section */

/* Begin PBXProject section */
		8BEBB8B11664259400782803 /* Project object */ = {
			isa = PBXProject;
			attributes = {
				CLASSPREFIX = SP;
				LastUpgradeCheck = 0450;
				ORGANIZATIONNAME = Test;
				TargetAttributes = {
					5B49245D16715C13005ADD60 = {
						DevelopmentTeam = 7YLT2FBT4C;
					};
				};
			};
			buildConfigurationList = 8BEBB8B41664259400782803 /* Build configuration list for PBXProject "MealCatcher" */;
			compatibilityVersion = "Xcode 3.2";
			developmentRegion = English;
			hasScannedForEncodings = 0;
			knownRegions = (
				en,
			);
			mainGroup = 8BEBB8AF1664259400782803;
			productRefGroup = 8BEBB8BB1664259400782803 /* Products */;
			projectDirPath = "";
			projectRoot = "";
			targets = (
				5B49245D16715C13005ADD60 /* MealCatcher */,
			);
		};
/* End PBXProject section */

/* Begin PBXResourcesBuildPhase section */
		5B49247016715C13005ADD60 /* Resources */ = {
			isa = PBXResourcesBuildPhase;
			buildActionMask = 2147483647;
			files = (
				5B49247116715C13005ADD60 /* InfoPlist.strings in Resources */,
				5B3B1DCE17B55A2A00C5E18B /* user.png in Resources */,
				5B3B1DCA17B55A2A00C5E18B /* searchBarBG.png in Resources */,
				5B3B1DDF17B8BCDF00C5E18B /* profile_jorge.jpg in Resources */,
				5B3B1DD417B8AAE600C5E18B /* Media.xcassets in Resources */,
				5B234E3D179CB6E1001F1329 /* MainStoryboard.storyboard in Resources */,
				5B3B1DCB17B55A2A00C5E18B /* searchBarIcon.png in Resources */,
				5B3B1DCD17B55A2A00C5E18B /* searchTextBG.png in Resources */,
				5B20786216A269C400E3AB0A /* SPViewController.xib in Resources */,
				5B3B1DCC17B55A2A00C5E18B /* searchBarIcon@2x.png in Resources */,
				5B9E083816AA7E2C0096E065 /* SettingsViewController.xib in Resources */,
				5BCA782416E08F940041FA20 /* bira.ttf in Resources */,
				5B3B1DDD17B8B83200C5E18B /* profile.jpg in Resources */,
			);
			runOnlyForDeploymentPostprocessing = 0;
		};
/* End PBXResourcesBuildPhase section */

/* Begin PBXShellScriptBuildPhase section */
		5BF002CA16A277DC0026BD8A /* ShellScript */ = {
			isa = PBXShellScriptBuildPhase;
			buildActionMask = 2147483647;
			files = (
			);
			inputPaths = (
			);
			outputPaths = (
			);
			runOnlyForDeploymentPostprocessing = 0;
			shellPath = /bin/sh;
			shellScript = "if [ ${CONFIGURATION} == \"Debug\" ]; then\ncp -r ${PROJECT_DIR}/MealCatcher/Settings.bundle ${BUILT_PRODUCTS_DIR}/${PRODUCT_NAME}.app\nfi";
		};
/* End PBXShellScriptBuildPhase section */

/* Begin PBXSourcesBuildPhase section */
		5B49245E16715C13005ADD60 /* Sources */ = {
			isa = PBXSourcesBuildPhase;
			buildActionMask = 2147483647;
			files = (
				5B575E5817CEF84400F9692C /* AccountViewController.m in Sources */,
				5B575E5717CEF83A00F9692C /* LoginViewController.m in Sources */,
				5B3B1DC917B55A2A00C5E18B /* GHSidebarSearchViewController.m in Sources */,
				5BB9EAF3179CE0B100A0350B /* Favorite.m in Sources */,
				5B49245F16715C13005ADD60 /* main.m in Sources */,
				5B49246016715C13005ADD60 /* SPAppDelegate.m in Sources */,
				5B49246116715C13005ADD60 /* SPViewController.m in Sources */,
				5B49246216715C13005ADD60 /* NSData+Base64.m in Sources */,
				5B49246516715C13005ADD60 /* SPAnnotations.m in Sources */,
				5BA6405C16726419007528BD /* DetailsViewController.m in Sources */,
				5BA640671672646F007528BD /* GTMStringEncoding.m in Sources */,
				5B20786616A269D100E3AB0A /* MCSearchViewController.m in Sources */,
				5BDC33B217BDC3AE00C6D983 /* SideBarCell.m in Sources */,
				5B9E083716AA7E2C0096E065 /* SettingsViewController.m in Sources */,
				5B2050DB17CAFDB1008A94D7 /* SWRevealViewControllerSegue.m in Sources */,
				5B3B1DC817B55A2A00C5E18B /* GHRevealViewController.m in Sources */,
				5BCA782116E078330041FA20 /* MCFavoritesViewController.m in Sources */,
				E7756F7F173093A60068615A /* AFHTTPClient.m in Sources */,
				5B3B1DD217B55AA200C5E18B /* MCMainSideViewController.m in Sources */,
				5BFF20F5179E526C0052306C /* GooglePlacesAPIClient.m in Sources */,
				E7756F80173093A60068615A /* AFHTTPRequestOperation.m in Sources */,
				E7756F81173093A60068615A /* AFImageRequestOperation.m in Sources */,
				E7756F82173093A60068615A /* AFJSONRequestOperation.m in Sources */,
				E7756F83173093A60068615A /* AFNetworkActivityIndicatorManager.m in Sources */,
				E7756F84173093A60068615A /* AFPropertyListRequestOperation.m in Sources */,
				E7756F85173093A60068615A /* AFURLConnectionOperation.m in Sources */,
				5B53A4A517C18D3300BEB7FE /* Place.m in Sources */,
				5B3B1DD717B8B22000C5E18B /* MCSidebarController.m in Sources */,
				E7756F86173093A60068615A /* AFXMLRequestOperation.m in Sources */,
				E7756F87173093A60068615A /* UIImageView+AFNetworking.m in Sources */,
				5B575E5217CEEB6400F9692C /* SignupViewController.m in Sources */,
			);
			runOnlyForDeploymentPostprocessing = 0;
		};
/* End PBXSourcesBuildPhase section */

/* Begin PBXVariantGroup section */
		8BEBB8C71664259400782803 /* InfoPlist.strings */ = {
			isa = PBXVariantGroup;
			children = (
				8BEBB8C81664259400782803 /* en */,
			);
			name = InfoPlist.strings;
			sourceTree = "<group>";
		};
/* End PBXVariantGroup section */

/* Begin XCBuildConfiguration section */
		5B49247916715C13005ADD60 /* Debug */ = {
			isa = XCBuildConfiguration;
			buildSettings = {
				ASSETCATALOG_COMPILER_APPICON_NAME = AppIcon;
				ASSETCATALOG_COMPILER_LAUNCHIMAGE_NAME = LaunchImage;
				CODE_SIGN_IDENTITY = "iPhone Developer";
				"CODE_SIGN_IDENTITY[sdk=iphoneos*]" = "iPhone Developer";
				FRAMEWORK_SEARCH_PATHS = (
					"$(inherited)",
					"/Users/esteban/iosapps/ios-mealcatcher",
					/Users/esteban/iosapps/FacebookSDK,
				);
				GCC_PRECOMPILE_PREFIX_HEADER = YES;
				GCC_PREFIX_HEADER = "MealCatcher/MealCatcher-Prefix.pch";
				INFOPLIST_FILE = "MealCatcher/MealCatcher-Info.plist";
				IPHONEOS_DEPLOYMENT_TARGET = 7.0;
				LIBRARY_SEARCH_PATHS = (
					"$(inherited)",
					"\"$(SRCROOT)\"",
					"\"$(SRCROOT)/MealCatcher\"",
				);
				PRODUCT_NAME = "$(TARGET_NAME)";
				PROVISIONING_PROFILE = "";
				"PROVISIONING_PROFILE[sdk=iphoneos*]" = "";
				TARGETED_DEVICE_FAMILY = 1;
				WRAPPER_EXTENSION = app;
			};
			name = Debug;
		};
		5B49247A16715C13005ADD60 /* Release */ = {
			isa = XCBuildConfiguration;
			buildSettings = {
				ASSETCATALOG_COMPILER_APPICON_NAME = AppIcon;
				ASSETCATALOG_COMPILER_LAUNCHIMAGE_NAME = LaunchImage;
				CODE_SIGN_IDENTITY = "iPhone Developer";
				"CODE_SIGN_IDENTITY[sdk=iphoneos*]" = "iPhone Developer";
				FRAMEWORK_SEARCH_PATHS = (
					"$(inherited)",
					"/Users/esteban/iosapps/ios-mealcatcher",
					/Users/esteban/iosapps/FacebookSDK,
				);
				GCC_PRECOMPILE_PREFIX_HEADER = YES;
				GCC_PREFIX_HEADER = "MealCatcher/MealCatcher-Prefix.pch";
				INFOPLIST_FILE = "MealCatcher/MealCatcher-Info.plist";
				IPHONEOS_DEPLOYMENT_TARGET = 7.0;
				LIBRARY_SEARCH_PATHS = (
					"$(inherited)",
					"\"$(SRCROOT)\"",
					"\"$(SRCROOT)/MealCatcher\"",
				);
				PRODUCT_NAME = "$(TARGET_NAME)";
				PROVISIONING_PROFILE = "";
				"PROVISIONING_PROFILE[sdk=iphoneos*]" = "";
				TARGETED_DEVICE_FAMILY = 1;
				WRAPPER_EXTENSION = app;
			};
			name = Release;
		};
		8BEBB8DC1664259400782803 /* Debug */ = {
			isa = XCBuildConfiguration;
			buildSettings = {
				ALWAYS_SEARCH_USER_PATHS = NO;
				CLANG_CXX_LANGUAGE_STANDARD = "gnu++0x";
				CLANG_CXX_LIBRARY = "libc++";
				CLANG_ENABLE_OBJC_ARC = YES;
				CLANG_WARN_EMPTY_BODY = YES;
				CLANG_WARN__DUPLICATE_METHOD_MATCH = YES;
				CODE_SIGN_IDENTITY = "iPhone Developer";
				"CODE_SIGN_IDENTITY[sdk=iphoneos*]" = "iPhone Developer";
				COPY_PHASE_STRIP = NO;
				GCC_C_LANGUAGE_STANDARD = gnu99;
				GCC_DYNAMIC_NO_PIC = NO;
				GCC_OPTIMIZATION_LEVEL = 0;
				GCC_PREPROCESSOR_DEFINITIONS = (
					"DEBUG=1",
					"$(inherited)",
				);
				GCC_SYMBOLS_PRIVATE_EXTERN = NO;
				GCC_WARN_ABOUT_RETURN_TYPE = YES;
				GCC_WARN_UNINITIALIZED_AUTOS = YES;
				GCC_WARN_UNUSED_VARIABLE = YES;
				IPHONEOS_DEPLOYMENT_TARGET = 7.0;
				ONLY_ACTIVE_ARCH = YES;
				PROVISIONING_PROFILE = "";
				SDKROOT = iphoneos;
			};
			name = Debug;
		};
		8BEBB8DD1664259400782803 /* Release */ = {
			isa = XCBuildConfiguration;
			buildSettings = {
				ALWAYS_SEARCH_USER_PATHS = NO;
				CLANG_CXX_LANGUAGE_STANDARD = "gnu++0x";
				CLANG_CXX_LIBRARY = "libc++";
				CLANG_ENABLE_OBJC_ARC = YES;
				CLANG_WARN_EMPTY_BODY = YES;
				CLANG_WARN__DUPLICATE_METHOD_MATCH = YES;
				CODE_SIGN_IDENTITY = "iPhone Distribution";
				"CODE_SIGN_IDENTITY[sdk=iphoneos*]" = "iPhone Distribution";
				COPY_PHASE_STRIP = YES;
				GCC_C_LANGUAGE_STANDARD = gnu99;
				GCC_WARN_ABOUT_RETURN_TYPE = YES;
				GCC_WARN_UNINITIALIZED_AUTOS = YES;
				GCC_WARN_UNUSED_VARIABLE = YES;
				IPHONEOS_DEPLOYMENT_TARGET = 7.0;
				ONLY_ACTIVE_ARCH = NO;
				OTHER_CFLAGS = "-DNS_BLOCK_ASSERTIONS=1";
				PROVISIONING_PROFILE = "";
				"PROVISIONING_PROFILE[sdk=iphoneos*]" = "";
				SDKROOT = iphoneos;
				VALIDATE_PRODUCT = YES;
			};
			name = Release;
		};
/* End XCBuildConfiguration section */

/* Begin XCConfigurationList section */
		5B49247816715C13005ADD60 /* Build configuration list for PBXNativeTarget "MealCatcher" */ = {
			isa = XCConfigurationList;
			buildConfigurations = (
				5B49247916715C13005ADD60 /* Debug */,
				5B49247A16715C13005ADD60 /* Release */,
			);
			defaultConfigurationIsVisible = 0;
			defaultConfigurationName = Release;
		};
		8BEBB8B41664259400782803 /* Build configuration list for PBXProject "MealCatcher" */ = {
			isa = XCConfigurationList;
			buildConfigurations = (
				8BEBB8DC1664259400782803 /* Debug */,
				8BEBB8DD1664259400782803 /* Release */,
			);
			defaultConfigurationIsVisible = 0;
			defaultConfigurationName = Release;
		};
/* End XCConfigurationList section */
	};
	rootObject = 8BEBB8B11664259400782803 /* Project object */;
}
